
Microsoft Visual Studio Solution File, Format Version 12.00
# Visual Studio Version 16
VisualStudioVersion = 16.0.30413.136
MinimumVisualStudioVersion = 10.0.40219.1
Project("{FAE04EC0-301F-11D3-BF4B-00C04F79EFBC}") = "CodeBuilder", "CodeBuilder.csproj", "{4AB5862B-EEF2-48E5-8119-3AC481CD0A30}"
EndProject
Project("{FAE04EC0-301F-11D3-BF4B-00C04F79EFBC}") = "CodeBuilder.Tests", "..\CodeBuilder.Tests\CodeBuilder.Tests.csproj", "{B22C4548-6752-44ED-964C-A139071DC10B}"
EndProject
Global
	GlobalSection(SolutionConfigurationPlatforms) = preSolution
		Debug|Any CPU = Debug|Any CPU
		Release|Any CPU = Release|Any CPU
	EndGlobalSection
	GlobalSection(ProjectConfigurationPlatforms) = postSolution
		{4AB5862B-EEF2-48E5-8119-3AC481CD0A30}.Debug|Any CPU.ActiveCfg = Debug|Any CPU
		{4AB5862B-EEF2-48E5-8119-3AC481CD0A30}.Debug|Any CPU.Build.0 = Debug|Any CPU
		{4AB5862B-EEF2-48E5-8119-3AC481CD0A30}.Release|Any CPU.ActiveCfg = Release|Any CPU
		{4AB5862B-EEF2-48E5-8119-3AC481CD0A30}.Release|Any CPU.Build.0 = Release|Any CPU
		{B22C4548-6752-44ED-964C-A139071DC10B}.Debug|Any CPU.ActiveCfg = Debug|Any CPU
		{B22C4548-6752-44ED-964C-A139071DC10B}.Debug|Any CPU.Build.0 = Debug|Any CPU
		{B22C4548-6752-44ED-964C-A139071DC10B}.Release|Any CPU.ActiveCfg = Release|Any CPU
		{B22C4548-6752-44ED-964C-A139071DC10B}.Release|Any CPU.Build.0 = Release|Any CPU
	EndGlobalSection
	GlobalSection(SolutionProperties) = preSolution
		HideSolutionNode = FALSE
	EndGlobalSection
	GlobalSection(ExtensibilityGlobals) = postSolution
		SolutionGuid = {0C6C1FFF-0244-4EC5-A4D1-3A490D10955F}
	EndGlobalSection
EndGlobal
